
Microsoft Visual Studio Solution File, Format Version 12.00
# Visual Studio 14
VisualStudioVersion = 14.0.25420.1
MinimumVisualStudioVersion = 10.0.40219.1
Project("{FAE04EC0-301F-11D3-BF4B-00C04F79EFBC}") = "LeetCode", "CrackingCodeInterviews\LeetCode.csproj", "{5A09A8A8-A855-4E29-9386-945CA7C7A090}"
EndProject
Project("{FAE04EC0-301F-11D3-BF4B-00C04F79EFBC}") = "TestCode", "TestCode\TestCode.csproj", "{18B0C401-26AF-4691-A550-43CC4A99BE10}"
EndProject
Global
	GlobalSection(SolutionConfigurationPlatforms) = preSolution
		Debug|Any CPU = Debug|Any CPU
		Release|Any CPU = Release|Any CPU
	EndGlobalSection
	GlobalSection(ProjectConfigurationPlatforms) = postSolution
		{5A09A8A8-A855-4E29-9386-945CA7C7A090}.Debug|Any CPU.ActiveCfg = Debug|Any CPU
		{5A09A8A8-A855-4E29-9386-945CA7C7A090}.Debug|Any CPU.Build.0 = Debug|Any CPU
		{5A09A8A8-A855-4E29-9386-945CA7C7A090}.Release|Any CPU.ActiveCfg = Release|Any CPU
		{5A09A8A8-A855-4E29-9386-945CA7C7A090}.Release|Any CPU.Build.0 = Release|Any CPU
		{18B0C401-26AF-4691-A550-43CC4A99BE10}.Debug|Any CPU.ActiveCfg = Debug|Any CPU
		{18B0C401-26AF-4691-A550-43CC4A99BE10}.Debug|Any CPU.Build.0 = Debug|Any CPU
		{18B0C401-26AF-4691-A550-43CC4A99BE10}.Release|Any CPU.ActiveCfg = Release|Any CPU
		{18B0C401-26AF-4691-A550-43CC4A99BE10}.Release|Any CPU.Build.0 = Release|Any CPU
	EndGlobalSection
	GlobalSection(SolutionProperties) = preSolution
		HideSolutionNode = FALSE
	EndGlobalSection
EndGlobal
